Microsoft Visual Studio Solution File, Format Version 12.00
# Visual Studio Version 17
VisualStudioVersion = 17.5.2.0
MinimumVisualStudioVersion = 10.0.40219.1
Project("{2150E333-8FDC-42A3-9474-1A3956D46DE8}") = "proj", "proj", "{E0646F15-01CD-F564-1BA1-3B06AC80F086}"
EndProject
Project("{FAE04EC0-301F-11D3-BF4B-00C04F79EFBC}") = "AuthServer", "proj\AuthServer.csproj", "{EED970B0-E8B1-45DA-A96B-17383EDE0B0F}"
EndProject
Global
	GlobalSection(SolutionConfigurationPlatforms) = preSolution
		Debug|Any CPU = Debug|Any CPU
		Release|Any CPU = Release|Any CPU
	EndGlobalSection
	GlobalSection(ProjectConfigurationPlatforms) = postSolution
		{EED970B0-E8B1-45DA-A96B-17383EDE0B0F}.Debug|Any CPU.ActiveCfg = Debug|Any CPU
		{EED970B0-E8B1-45DA-A96B-17383EDE0B0F}.Debug|Any CPU.Build.0 = Debug|Any CPU
		{EED970B0-E8B1-45DA-A96B-17383EDE0B0F}.Release|Any CPU.ActiveCfg = Release|Any CPU
		{EED970B0-E8B1-45DA-A96B-17383EDE0B0F}.Release|Any CPU.Build.0 = Release|Any CPU
	EndGlobalSection
	GlobalSection(SolutionProperties) = preSolution
		HideSolutionNode = FALSE
	EndGlobalSection
	GlobalSection(NestedProjects) = preSolution
		{EED970B0-E8B1-45DA-A96B-17383EDE0B0F} = {E0646F15-01CD-F564-1BA1-3B06AC80F086}
	EndGlobalSection
	GlobalSection(ExtensibilityGlobals) = postSolution
		SolutionGuid = {3AD5AAD4-81D8-4C22-BD1A-19F244257DDA}
	EndGlobalSection
EndGlobal
